
Microsoft Visual Studio Solution File, Format Version 12.00
# Visual Studio Version 17
VisualStudioVersion = 17.6.33723.286
MinimumVisualStudioVersion = 10.0.40219.1
Project("{FAE04EC0-301F-11D3-BF4B-00C04F79EFBC}") = "Domain", "Domain\Domain.csproj", "{6CA230A3-8E06-49AD-AF36-E0539077744D}"
EndProject
Project("{FAE04EC0-301F-11D3-BF4B-00C04F79EFBC}") = "Data", "Data\Data.csproj", "{294683E7-E03B-4BCD-BEA7-094BC71F5CCC}"
EndProject
Project("{FAE04EC0-301F-11D3-BF4B-00C04F79EFBC}") = "MinimalApi", "MinimalApi\MinimalApi.csproj", "{BEE6B252-14EF-4D7E-ACE2-311DFABBD05A}"
EndProject
Project("{FAE04EC0-301F-11D3-BF4B-00C04F79EFBC}") = "Test", "Test\Test.csproj", "{4BD392BB-D033-4F6F-844D-D5461B2454C0}"
EndProject
Global
	GlobalSection(SolutionConfigurationPlatforms) = preSolution
		Debug|Any CPU = Debug|Any CPU
		Release|Any CPU = Release|Any CPU
	EndGlobalSection
	GlobalSection(ProjectConfigurationPlatforms) = postSolution
		{6CA230A3-8E06-49AD-AF36-E0539077744D}.Debug|Any CPU.ActiveCfg = Debug|Any CPU
		{6CA230A3-8E06-49AD-AF36-E0539077744D}.Debug|Any CPU.Build.0 = Debug|Any CPU
		{6CA230A3-8E06-49AD-AF36-E0539077744D}.Release|Any CPU.ActiveCfg = Release|Any CPU
		{6CA230A3-8E06-49AD-AF36-E0539077744D}.Release|Any CPU.Build.0 = Release|Any CPU
		{294683E7-E03B-4BCD-BEA7-094BC71F5CCC}.Debug|Any CPU.ActiveCfg = Debug|Any CPU
		{294683E7-E03B-4BCD-BEA7-094BC71F5CCC}.Debug|Any CPU.Build.0 = Debug|Any CPU
		{294683E7-E03B-4BCD-BEA7-094BC71F5CCC}.Release|Any CPU.ActiveCfg = Release|Any CPU
		{294683E7-E03B-4BCD-BEA7-094BC71F5CCC}.Release|Any CPU.Build.0 = Release|Any CPU
		{BEE6B252-14EF-4D7E-ACE2-311DFABBD05A}.Debug|Any CPU.ActiveCfg = Debug|Any CPU
		{BEE6B252-14EF-4D7E-ACE2-311DFABBD05A}.Debug|Any CPU.Build.0 = Debug|Any CPU
		{BEE6B252-14EF-4D7E-ACE2-311DFABBD05A}.Release|Any CPU.ActiveCfg = Release|Any CPU
		{BEE6B252-14EF-4D7E-ACE2-311DFABBD05A}.Release|Any CPU.Build.0 = Release|Any CPU
		{4BD392BB-D033-4F6F-844D-D5461B2454C0}.Debug|Any CPU.ActiveCfg = Debug|Any CPU
		{4BD392BB-D033-4F6F-844D-D5461B2454C0}.Debug|Any CPU.Build.0 = Debug|Any CPU
		{4BD392BB-D033-4F6F-844D-D5461B2454C0}.Release|Any CPU.ActiveCfg = Release|Any CPU
		{4BD392BB-D033-4F6F-844D-D5461B2454C0}.Release|Any CPU.Build.0 = Release|Any CPU
	EndGlobalSection
	GlobalSection(SolutionProperties) = preSolution
		HideSolutionNode = FALSE
	EndGlobalSection
	GlobalSection(ExtensibilityGlobals) = postSolution
		SolutionGuid = {2D3E2211-BB2F-4039-9209-158B61C59E82}
	EndGlobalSection
EndGlobal
